// !$*UTF8*$!
{
	archiveVersion = 1;
	classes = {
	};
	objectVersion = 50;
	objects = {

/* Begin PBXBuildFile section */
		261DF593227E561E00D4111A /* convertcsv.json in Resources */ = {isa = PBXBuildFile; fileRef = 261DF592227E561E00D4111A /* convertcsv.json */; };
		262539EC227B938600688994 /* StatusMenuController.swift in Sources */ = {isa = PBXBuildFile; fileRef = 262539E9227B938600688994 /* StatusMenuController.swift */; };
		262539EE227B938600688994 /* SearchController.swift in Sources */ = {isa = PBXBuildFile; fileRef = 262539EB227B938600688994 /* SearchController.swift */; };
		262539F1227B93B500688994 /* MainMenu.xib in Resources */ = {isa = PBXBuildFile; fileRef = 262539EF227B93B500688994 /* MainMenu.xib */; };
		262539F3227B94A700688994 /* LatexCell.swift in Sources */ = {isa = PBXBuildFile; fileRef = 262539F2227B94A700688994 /* LatexCell.swift */; };
		262539F5227B974800688994 /* Symbol.swift in Sources */ = {isa = PBXBuildFile; fileRef = 262539F4227B974800688994 /* Symbol.swift */; };
		262539F7227BAB0E00688994 /* SymbolStore.swift in Sources */ = {isa = PBXBuildFile; fileRef = 262539F6227BAB0E00688994 /* SymbolStore.swift */; };
		268554E6227B91F7007AB2C8 /* AppDelegate.swift in Sources */ = {isa = PBXBuildFile; fileRef = 268554E5227B91F7007AB2C8 /* AppDelegate.swift */; };
		268554E8227B91F8007AB2C8 /* Assets.xcassets in Resources */ = {isa = PBXBuildFile; fileRef = 268554E7227B91F8007AB2C8 /* Assets.xcassets */; };
		6FF1F751E3C26A0C31FDB392 /* Pods_Latex_Finder.framework in Frameworks */ = {isa = PBXBuildFile; fileRef = 41769096C62CBA23EF9954A6 /* Pods_Latex_Finder.framework */; };
/* End PBXBuildFile section */

/* Begin PBXFileReference section */
		25AAEA482282AD50A4B04687 /* Pods-Latex Finder.debug.xcconfig */ = {isa = PBXFileReference; includeInIndex = 1; lastKnownFileType = text.xcconfig; name = "Pods-Latex Finder.debug.xcconfig"; path = "Target Support Files/Pods-Latex Finder/Pods-Latex Finder.debug.xcconfig"; sourceTree = "<group>"; };
		261DF592227E561E00D4111A /* convertcsv.json */ = {isa = PBXFileReference; fileEncoding = 4; lastKnownFileType = text.json; path = convertcsv.json; sourceTree = "<group>"; };
		262539E9227B938600688994 /* StatusMenuController.swift */ = {isa = PBXFileReference; fileEncoding = 4; lastKnownFileType = sourcecode.swift; path = StatusMenuController.swift; sourceTree = "<group>"; };
		262539EB227B938600688994 /* SearchController.swift */ = {isa = PBXFileReference; fileEncoding = 4; lastKnownFileType = sourcecode.swift; path = SearchController.swift; sourceTree = "<group>"; };
		262539F0227B93B500688994 /* Base */ = {isa = PBXFileReference; lastKnownFileType = file.xib; name = Base; path = Base.lproj/MainMenu.xib; sourceTree = "<group>"; };
		262539F2227B94A700688994 /* LatexCell.swift */ = {isa = PBXFileReference; lastKnownFileType = sourcecode.swift; path = LatexCell.swift; sourceTree = "<group>"; };
		262539F4227B974800688994 /* Symbol.swift */ = {isa = PBXFileReference; lastKnownFileType = sourcecode.swift; path = Symbol.swift; sourceTree = "<group>"; };
		262539F6227BAB0E00688994 /* SymbolStore.swift */ = {isa = PBXFileReference; lastKnownFileType = sourcecode.swift; path = SymbolStore.swift; sourceTree = "<group>"; };
		268554E2227B91F7007AB2C8 /* Latex Finder.app */ = {isa = PBXFileReference; explicitFileType = wrapper.application; includeInIndex = 0; path = "Latex Finder.app"; sourceTree = BUILT_PRODUCTS_DIR; };
		268554E5227B91F7007AB2C8 /* AppDelegate.swift */ = {isa = PBXFileReference; lastKnownFileType = sourcecode.swift; path = AppDelegate.swift; sourceTree = "<group>"; };
		268554E7227B91F8007AB2C8 /* Assets.xcassets */ = {isa = PBXFileReference; lastKnownFileType = folder.assetcatalog; path = Assets.xcassets; sourceTree = "<group>"; };
		268554EC227B91F8007AB2C8 /* Info.plist */ = {isa = PBXFileReference; lastKnownFileType = text.plist.xml; path = Info.plist; sourceTree = "<group>"; };
		268554ED227B91F8007AB2C8 /* Latex_Finder.entitlements */ = {isa = PBXFileReference; lastKnownFileType = text.plist.entitlements; path = Latex_Finder.entitlements; sourceTree = "<group>"; };
		41769096C62CBA23EF9954A6 /* Pods_Latex_Finder.framework */ = {isa = PBXFileReference; explicitFileType = wrapper.framework; includeInIndex = 0; path = Pods_Latex_Finder.framework; sourceTree = BUILT_PRODUCTS_DIR; };
		92365E63A4C54191B21BB802 /* Pods-Latex Finder.release.xcconfig */ = {isa = PBXFileReference; includeInIndex = 1; lastKnownFileType = text.xcconfig; name = "Pods-Latex Finder.release.xcconfig"; path = "Target Support Files/Pods-Latex Finder/Pods-Latex Finder.release.xcconfig"; sourceTree = "<group>"; };
/* End PBXFileReference section */

/* Begin PBXFrameworksBuildPhase section */
		268554DF227B91F7007AB2C8 /* Frameworks */ = {
			isa = PBXFrameworksBuildPhase;
			buildActionMask = 2147483647;
			files = (
				6FF1F751E3C26A0C31FDB392 /* Pods_Latex_Finder.framework in Frameworks */,
			);
			runOnlyForDeploymentPostprocessing = 0;
		};
/* End PBXFrameworksBuildPhase section */

/* Begin PBXGroup section */
		262539F8227BAB1A00688994 /* Symbols */ = {
			isa = PBXGroup;
			children = (
				262539F4227B974800688994 /* Symbol.swift */,
				262539F6227BAB0E00688994 /* SymbolStore.swift */,
			);
			path = Symbols;
			sourceTree = "<group>";
		};
		268554D9227B91F7007AB2C8 = {
			isa = PBXGroup;
			children = (
				268554E4227B91F7007AB2C8 /* Latex Finder */,
				268554E3227B91F7007AB2C8 /* Products */,
				5C40F9D8783847447B76990D /* Pods */,
				9EC13A33FA502313CE616BDE /* Frameworks */,
			);
			sourceTree = "<group>";
		};
		268554E3227B91F7007AB2C8 /* Products */ = {
			isa = PBXGroup;
			children = (
				268554E2227B91F7007AB2C8 /* Latex Finder.app */,
			);
			name = Products;
			sourceTree = "<group>";
		};
		268554E4227B91F7007AB2C8 /* Latex Finder */ = {
			isa = PBXGroup;
			children = (
				268554E5227B91F7007AB2C8 /* AppDelegate.swift */,
				262539E9227B938600688994 /* StatusMenuController.swift */,
				262539EB227B938600688994 /* SearchController.swift */,
				262539F2227B94A700688994 /* LatexCell.swift */,
				262539F8227BAB1A00688994 /* Symbols */,
				262539EF227B93B500688994 /* MainMenu.xib */,
				268554E7227B91F8007AB2C8 /* Assets.xcassets */,
				268554EC227B91F8007AB2C8 /* Info.plist */,
				261DF592227E561E00D4111A /* convertcsv.json */,
				268554ED227B91F8007AB2C8 /* Latex_Finder.entitlements */,
			);
			path = "Latex Finder";
			sourceTree = "<group>";
		};
		5C40F9D8783847447B76990D /* Pods */ = {
			isa = PBXGroup;
			children = (
				25AAEA482282AD50A4B04687 /* Pods-Latex Finder.debug.xcconfig */,
				92365E63A4C54191B21BB802 /* Pods-Latex Finder.release.xcconfig */,
			);
			name = Pods;
			path = ../iosMath/Pods;
			sourceTree = "<group>";
		};
		9EC13A33FA502313CE616BDE /* Frameworks */ = {
			isa = PBXGroup;
			children = (
				41769096C62CBA23EF9954A6 /* Pods_Latex_Finder.framework */,
			);
			name = Frameworks;
			sourceTree = "<group>";
		};
/* End PBXGroup section */

/* Begin PBXNativeTarget section */
		268554E1227B91F7007AB2C8 /* Latex Finder */ = {
			isa = PBXNativeTarget;
			buildConfigurationList = 268554F0227B91F8007AB2C8 /* Build configuration list for PBXNativeTarget "Latex Finder" */;
			buildPhases = (
				C327B0D40CCE11DEF5D34D43 /* [CP] Check Pods Manifest.lock */,
				268554DE227B91F7007AB2C8 /* Sources */,
				268554DF227B91F7007AB2C8 /* Frameworks */,
				268554E0227B91F7007AB2C8 /* Resources */,
				D055897A48BE1274B6C02011 /* [CP] Embed Pods Frameworks */,
			);
			buildRules = (
			);
			dependencies = (
			);
			name = "Latex Finder";
			productName = "Latex Finder";
			productReference = 268554E2227B91F7007AB2C8 /* Latex Finder.app */;
			productType = "com.apple.product-type.application";
		};
/* End PBXNativeTarget section */

/* Begin PBXProject section */
		268554DA227B91F7007AB2C8 /* Project object */ = {
			isa = PBXProject;
			attributes = {
				LastSwiftUpdateCheck = 1020;
				LastUpgradeCheck = 1020;
				ORGANIZATIONNAME = "Henrik Panhans";
				TargetAttributes = {
					268554E1227B91F7007AB2C8 = {
						CreatedOnToolsVersion = 10.2.1;
					};
				};
			};
			buildConfigurationList = 268554DD227B91F7007AB2C8 /* Build configuration list for PBXProject "Latex Finder" */;
			compatibilityVersion = "Xcode 9.3";
			developmentRegion = en;
			hasScannedForEncodings = 0;
			knownRegions = (
				en,
				Base,
			);
			mainGroup = 268554D9227B91F7007AB2C8;
			productRefGroup = 268554E3227B91F7007AB2C8 /* Products */;
			projectDirPath = "";
			projectRoot = "";
			targets = (
				268554E1227B91F7007AB2C8 /* Latex Finder */,
			);
		};
/* End PBXProject section */

/* Begin PBXResourcesBuildPhase section */
		268554E0227B91F7007AB2C8 /* Resources */ = {
			isa = PBXResourcesBuildPhase;
			buildActionMask = 2147483647;
			files = (
				268554E8227B91F8007AB2C8 /* Assets.xcassets in Resources */,
				262539F1227B93B500688994 /* MainMenu.xib in Resources */,
				261DF593227E561E00D4111A /* convertcsv.json in Resources */,
			);
			runOnlyForDeploymentPostprocessing = 0;
		};
/* End PBXResourcesBuildPhase section */

/* Begin PBXShellScriptBuildPhase section */
		C327B0D40CCE11DEF5D34D43 /* [CP] Check Pods Manifest.lock */ = {
			isa = PBXShellScriptBuildPhase;
			buildActionMask = 2147483647;
			files = (
			);
			inputFileListPaths = (
			);
			inputPaths = (
				"${PODS_PODFILE_DIR_PATH}/Podfile.lock",
				"${PODS_ROOT}/Manifest.lock",
			);
			name = "[CP] Check Pods Manifest.lock";
			outputFileListPaths = (
			);
			outputPaths = (
				"$(DERIVED_FILE_DIR)/Pods-Latex Finder-checkManifestLockResult.txt",
			);
			runOnlyForDeploymentPostprocessing = 0;
			shellPath = /bin/sh;
			shellScript = "diff \"${PODS_PODFILE_DIR_PATH}/Podfile.lock\" \"${PODS_ROOT}/Manifest.lock\" > /dev/null\nif [ $? != 0 ] ; then\n    # print error to STDERR\n    echo \"error: The sandbox is not in sync with the Podfile.lock. Run 'pod install' or update your CocoaPods installation.\" >&2\n    exit 1\nfi\n# This output is used by Xcode 'outputs' to avoid re-running this script phase.\necho \"SUCCESS\" > \"${SCRIPT_OUTPUT_FILE_0}\"\n";
			showEnvVarsInLog = 0;
		};
		D055897A48BE1274B6C02011 /* [CP] Embed Pods Frameworks */ = {
			isa = PBXShellScriptBuildPhase;
			buildActionMask = 2147483647;
			files = (
			);
			inputFileListPaths = (
			);
			inputPaths = (
				"${PODS_ROOT}/Target Support Files/Pods-Latex Finder/Pods-Latex Finder-frameworks.sh",
				"${BUILT_PRODUCTS_DIR}/iosMath-framework/iosMath.framework",
			);
			name = "[CP] Embed Pods Frameworks";
			outputFileListPaths = (
			);
			outputPaths = (
				"${TARGET_BUILD_DIR}/${FRAMEWORKS_FOLDER_PATH}/iosMath.framework",
			);
			runOnlyForDeploymentPostprocessing = 0;
			shellPath = /bin/sh;
			shellScript = "\"${PODS_ROOT}/Target Support Files/Pods-Latex Finder/Pods-Latex Finder-frameworks.sh\"\n";
			showEnvVarsInLog = 0;
		};
/* End PBXShellScriptBuildPhase section */

/* Begin PBXSourcesBuildPhase section */
		268554DE227B91F7007AB2C8 /* Sources */ = {
			isa = PBXSourcesBuildPhase;
			buildActionMask = 2147483647;
			files = (
				262539F3227B94A700688994 /* LatexCell.swift in Sources */,
				262539F7227BAB0E00688994 /* SymbolStore.swift in Sources */,
				262539F5227B974800688994 /* Symbol.swift in Sources */,
				262539EC227B938600688994 /* StatusMenuController.swift in Sources */,
				262539EE227B938600688994 /* SearchController.swift in Sources */,
				268554E6227B91F7007AB2C8 /* AppDelegate.swift in Sources */,
			);
			runOnlyForDeploymentPostprocessing = 0;
		};
/* End PBXSourcesBuildPhase section */

/* Begin PBXVariantGroup section */
		262539EF227B93B500688994 /* MainMenu.xib */ = {
			isa = PBXVariantGroup;
			children = (
				262539F0227B93B500688994 /* Base */,
			);
			name = MainMenu.xib;
			sourceTree = "<group>";
		};
/* End PBXVariantGroup section */

/* Begin XCBuildConfiguration section */
		268554EE227B91F8007AB2C8 /* Debug */ = {
			isa = XCBuildConfiguration;
			buildSettings = {
				ALWAYS_SEARCH_USER_PATHS = NO;
				CLANG_ANALYZER_NONNULL = YES;
				CLANG_ANALYZER_NUMBER_OBJECT_CONVERSION = YES_AGGRESSIVE;
				CLANG_CXX_LANGUAGE_STANDARD = "gnu++14";
				CLANG_CXX_LIBRARY = "libc++";
				CLANG_ENABLE_MODULES = YES;
				CLANG_ENABLE_OBJC_ARC = YES;
				CLANG_ENABLE_OBJC_WEAK = YES;
				CLANG_WARN_BLOCK_CAPTURE_AUTORELEASING = YES;
				CLANG_WARN_BOOL_CONVERSION = YES;
				CLANG_WARN_COMMA = YES;
				CLANG_WARN_CONSTANT_CONVERSION = YES;
				CLANG_WARN_DEPRECATED_OBJC_IMPLEMENTATIONS = YES;
				CLANG_WARN_DIRECT_OBJC_ISA_USAGE = YES_ERROR;
				CLANG_WARN_DOCUMENTATION_COMMENTS = YES;
				CLANG_WARN_EMPTY_BODY = YES;
				CLANG_WARN_ENUM_CONVERSION = YES;
				CLANG_WARN_INFINITE_RECURSION = YES;
				CLANG_WARN_INT_CONVERSION = YES;
				CLANG_WARN_NON_LITERAL_NULL_CONVERSION = YES;
				CLANG_WARN_OBJC_IMPLICIT_RETAIN_SELF = YES;
				CLANG_WARN_OBJC_LITERAL_CONVERSION = YES;
				CLANG_WARN_OBJC_ROOT_CLASS = YES_ERROR;
				CLANG_WARN_RANGE_LOOP_ANALYSIS = YES;
				CLANG_WARN_STRICT_PROTOTYPES = YES;
				CLANG_WARN_SUSPICIOUS_MOVE = YES;
				CLANG_WARN_UNGUARDED_AVAILABILITY = YES_AGGRESSIVE;
				CLANG_WARN_UNREACHABLE_CODE = YES;
				CLANG_WARN__DUPLICATE_METHOD_MATCH = YES;
				CODE_SIGN_IDENTITY = "Mac Developer";
				COPY_PHASE_STRIP = NO;
				DEBUG_INFORMATION_FORMAT = dwarf;
				ENABLE_STRICT_OBJC_MSGSEND = YES;
				ENABLE_TESTABILITY = YES;
				GCC_C_LANGUAGE_STANDARD = gnu11;
				GCC_DYNAMIC_NO_PIC = NO;
				GCC_NO_COMMON_BLOCKS = YES;
				GCC_OPTIMIZATION_LEVEL = 0;
				GCC_PREPROCESSOR_DEFINITIONS = (
					"DEBUG=1",
					"$(inherited)",
				);
				GCC_WARN_64_TO_32_BIT_CONVERSION = YES;
				GCC_WARN_ABOUT_RETURN_TYPE = YES_ERROR;
				GCC_WARN_UNDECLARED_SELECTOR = YES;
				GCC_WARN_UNINITIALIZED_AUTOS = YES_AGGRESSIVE;
				GCC_WARN_UNUSED_FUNCTION = YES;
				GCC_WARN_UNUSED_VARIABLE = YES;
				MACOSX_DEPLOYMENT_TARGET = 10.14;
				MTL_ENABLE_DEBUG_INFO = INCLUDE_SOURCE;
				MTL_FAST_MATH = YES;
				ONLY_ACTIVE_ARCH = YES;
				SDKROOT = macosx;
				SWIFT_ACTIVE_COMPILATION_CONDITIONS = DEBUG;
				SWIFT_OPTIMIZATION_LEVEL = "-Onone";
			};
			name = Debug;
		};
		268554EF227B91F8007AB2C8 /* Release */ = {
			isa = XCBuildConfiguration;
			buildSettings = {
				ALWAYS_SEARCH_USER_PATHS = NO;
				CLANG_ANALYZER_NONNULL = YES;
				CLANG_ANALYZER_NUMBER_OBJECT_CONVERSION = YES_AGGRESSIVE;
				CLANG_CXX_LANGUAGE_STANDARD = "gnu++14";
				CLANG_CXX_LIBRARY = "libc++";
				CLANG_ENABLE_MODULES = YES;
				CLANG_ENABLE_OBJC_ARC = YES;
				CLANG_ENABLE_OBJC_WEAK = YES;
				CLANG_WARN_BLOCK_CAPTURE_AUTORELEASING = YES;
				CLANG_WARN_BOOL_CONVERSION = YES;
				CLANG_WARN_COMMA = YES;
				CLANG_WARN_CONSTANT_CONVERSION = YES;
				CLANG_WARN_DEPRECATED_OBJC_IMPLEMENTATIONS = YES;
				CLANG_WARN_DIRECT_OBJC_ISA_USAGE = YES_ERROR;
				CLANG_WARN_DOCUMENTATION_COMMENTS = YES;
				CLANG_WARN_EMPTY_BODY = YES;
				CLANG_WARN_ENUM_CONVERSION = YES;
				CLANG_WARN_INFINITE_RECURSION = YES;
				CLANG_WARN_INT_CONVERSION = YES;
				CLANG_WARN_NON_LITERAL_NULL_CONVERSION = YES;
				CLANG_WARN_OBJC_IMPLICIT_RETAIN_SELF = YES;
				CLANG_WARN_OBJC_LITERAL_CONVERSION = YES;
				CLANG_WARN_OBJC_ROOT_CLASS = YES_ERROR;
				CLANG_WARN_RANGE_LOOP_ANALYSIS = YES;
				CLANG_WARN_STRICT_PROTOTYPES = YES;
				CLANG_WARN_SUSPICIOUS_MOVE = YES;
				CLANG_WARN_UNGUARDED_AVAILABILITY = YES_AGGRESSIVE;
				CLANG_WARN_UNREACHABLE_CODE = YES;
				CLANG_WARN__DUPLICATE_METHOD_MATCH = YES;
				CODE_SIGN_IDENTITY = "Mac Developer";
				COPY_PHASE_STRIP = NO;
				DEBUG_INFORMATION_FORMAT = "dwarf-with-dsym";
				ENABLE_NS_ASSERTIONS = NO;
				ENABLE_STRICT_OBJC_MSGSEND = YES;
				GCC_C_LANGUAGE_STANDARD = gnu11;
				GCC_NO_COMMON_BLOCKS = YES;
				GCC_WARN_64_TO_32_BIT_CONVERSION = YES;
				GCC_WARN_ABOUT_RETURN_TYPE = YES_ERROR;
				GCC_WARN_UNDECLARED_SELECTOR = YES;
				GCC_WARN_UNINITIALIZED_AUTOS = YES_AGGRESSIVE;
				GCC_WARN_UNUSED_FUNCTION = YES;
				GCC_WARN_UNUSED_VARIABLE = YES;
				MACOSX_DEPLOYMENT_TARGET = 10.14;
				MTL_ENABLE_DEBUG_INFO = NO;
				MTL_FAST_MATH = YES;
				SDKROOT = macosx;
				SWIFT_COMPILATION_MODE = wholemodule;
				SWIFT_OPTIMIZATION_LEVEL = "-O";
			};
			name = Release;
		};
		268554F1227B91F8007AB2C8 /* Debug */ = {
			isa = XCBuildConfiguration;
			baseConfigurationReference = 25AAEA482282AD50A4B04687 /* Pods-Latex Finder.debug.xcconfig */;
			buildSettings = {
				ASSETCATALOG_COMPILER_APPICON_NAME = AppIcon;
				CODE_SIGN_ENTITLEMENTS = "Latex Finder/Latex_Finder.entitlements";
				CODE_SIGN_IDENTITY = "Mac Developer";
				CODE_SIGN_STYLE = Automatic;
				COMBINE_HIDPI_IMAGES = YES;
				DEVELOPMENT_TEAM = FMYBNSCQ2F;
				INFOPLIST_FILE = "Latex Finder/Info.plist";
				LD_RUNPATH_SEARCH_PATHS = (
					"$(inherited)",
					"@executable_path/../Frameworks",
				);
				PRODUCT_BUNDLE_IDENTIFIER = "com.henrikpanhans.Latex-Finder";
				PRODUCT_NAME = "$(TARGET_NAME)";
				PROVISIONING_PROFILE_SPECIFIER = "";
				SWIFT_VERSION = 5.0;
			};
			name = Debug;
		};
		268554F2227B91F8007AB2C8 /* Release */ = {
			isa = XCBuildConfiguration;
			baseConfigurationReference = 92365E63A4C54191B21BB802 /* Pods-Latex Finder.release.xcconfig */;
			buildSettings = {
				ASSETCATALOG_COMPILER_APPICON_NAME = AppIcon;
				CODE_SIGN_ENTITLEMENTS = "Latex Finder/Latex_Finder.entitlements";
				CODE_SIGN_IDENTITY = "Mac Developer";
				CODE_SIGN_STYLE = Automatic;
				COMBINE_HIDPI_IMAGES = YES;
				DEVELOPMENT_TEAM = FMYBNSCQ2F;
				INFOPLIST_FILE = "Latex Finder/Info.plist";
				LD_RUNPATH_SEARCH_PATHS = (
					"$(inherited)",
					"@executable_path/../Frameworks",
				);
				PRODUCT_BUNDLE_IDENTIFIER = "com.henrikpanhans.Latex-Finder";
				PRODUCT_NAME = "$(TARGET_NAME)";
				PROVISIONING_PROFILE_SPECIFIER = "";
				SWIFT_VERSION = 5.0;
			};
			name = Release;
		};
/* End XCBuildConfiguration section */

/* Begin XCConfigurationList section */
		268554DD227B91F7007AB2C8 /* Build configuration list for PBXProject "Latex Finder" */ = {
			isa = XCConfigurationList;
			buildConfigurations = (
				268554EE227B91F8007AB2C8 /* Debug */,
				268554EF227B91F8007AB2C8 /* Release */,
			);
			defaultConfigurationIsVisible = 0;
			defaultConfigurationName = Release;
		};
		268554F0227B91F8007AB2C8 /* Build configuration list for PBXNativeTarget "Latex Finder" */ = {
			isa = XCConfigurationList;
			buildConfigurations = (
				268554F1227B91F8007AB2C8 /* Debug */,
				268554F2227B91F8007AB2C8 /* Release */,
			);
			defaultConfigurationIsVisible = 0;
			defaultConfigurationName = Release;
		};
/* End XCConfigurationList section */
	};
	rootObject = 268554DA227B91F7007AB2C8 /* Project object */;
}
